
Microsoft Visual Studio Solution File, Format Version 12.00
# Visual Studio 15
VisualStudioVersion = 15.0.28010.2048
MinimumVisualStudioVersion = 10.0.40219.1
Project("{FAE04EC0-301F-11D3-BF4B-00C04F79EFBC}") = "IonicProxyAuth", "IonicProxyAuth\IonicProxyAuth.csproj", "{0F69D996-3444-4135-B266-1F59ADA9B3E3}"
EndProject
Global
	GlobalSection(SolutionConfigurationPlatforms) = preSolution
		Debug|Any CPU = Debug|Any CPU
		Release|Any CPU = Release|Any CPU
	EndGlobalSection
	GlobalSection(ProjectConfigurationPlatforms) = postSolution
		{0F69D996-3444-4135-B266-1F59ADA9B3E3}.Debug|Any CPU.ActiveCfg = Debug|Any CPU
		{0F69D996-3444-4135-B266-1F59ADA9B3E3}.Debug|Any CPU.Build.0 = Debug|Any CPU
		{0F69D996-3444-4135-B266-1F59ADA9B3E3}.Release|Any CPU.ActiveCfg = Release|Any CPU
		{0F69D996-3444-4135-B266-1F59ADA9B3E3}.Release|Any CPU.Build.0 = Release|Any CPU
	EndGlobalSection
	GlobalSection(SolutionProperties) = preSolution
		HideSolutionNode = FALSE
	EndGlobalSection
	GlobalSection(ExtensibilityGlobals) = postSolution
		SolutionGuid = {1CA0CDC4-7671-4193-889B-5CDFD5BE8F11}
	EndGlobalSection
EndGlobal
